
Microsoft Visual Studio Solution File, Format Version 12.00
# Visual Studio Version 16
VisualStudioVersion = 16.0.31605.320
MinimumVisualStudioVersion = 10.0.40219.1
Project("{FAE04EC0-301F-11D3-BF4B-00C04F79EFBC}") = "EStoore.API", "EStoore.API\EStoore.API.csproj", "{263D228F-28F8-4721-8E88-484AFD17DFE8}"
EndProject
Project("{FAE04EC0-301F-11D3-BF4B-00C04F79EFBC}") = "EStoore.Domain", "EStoore.Domain\EStoore.Domain.csproj", "{971715A6-6FCC-41AF-88CC-A12485A3F509}"
EndProject
Project("{FAE04EC0-301F-11D3-BF4B-00C04F79EFBC}") = "EStoore.Infrastructure", "EStoore.Infrastructure\EStoore.Infrastructure.csproj", "{644C90BD-0377-4869-A84B-8B8F4B76AC7B}"
EndProject
Global
	GlobalSection(SolutionConfigurationPlatforms) = preSolution
		Debug|Any CPU = Debug|Any CPU
		Release|Any CPU = Release|Any CPU
	EndGlobalSection
	GlobalSection(ProjectConfigurationPlatforms) = postSolution
		{263D228F-28F8-4721-8E88-484AFD17DFE8}.Debug|Any CPU.ActiveCfg = Debug|Any CPU
		{263D228F-28F8-4721-8E88-484AFD17DFE8}.Debug|Any CPU.Build.0 = Debug|Any CPU
		{263D228F-28F8-4721-8E88-484AFD17DFE8}.Release|Any CPU.ActiveCfg = Release|Any CPU
		{263D228F-28F8-4721-8E88-484AFD17DFE8}.Release|Any CPU.Build.0 = Release|Any CPU
		{971715A6-6FCC-41AF-88CC-A12485A3F509}.Debug|Any CPU.ActiveCfg = Debug|Any CPU
		{971715A6-6FCC-41AF-88CC-A12485A3F509}.Debug|Any CPU.Build.0 = Debug|Any CPU
		{971715A6-6FCC-41AF-88CC-A12485A3F509}.Release|Any CPU.ActiveCfg = Release|Any CPU
		{971715A6-6FCC-41AF-88CC-A12485A3F509}.Release|Any CPU.Build.0 = Release|Any CPU
		{644C90BD-0377-4869-A84B-8B8F4B76AC7B}.Debug|Any CPU.ActiveCfg = Debug|Any CPU
		{644C90BD-0377-4869-A84B-8B8F4B76AC7B}.Debug|Any CPU.Build.0 = Debug|Any CPU
		{644C90BD-0377-4869-A84B-8B8F4B76AC7B}.Release|Any CPU.ActiveCfg = Release|Any CPU
		{644C90BD-0377-4869-A84B-8B8F4B76AC7B}.Release|Any CPU.Build.0 = Release|Any CPU
	EndGlobalSection
	GlobalSection(SolutionProperties) = preSolution
		HideSolutionNode = FALSE
	EndGlobalSection
	GlobalSection(ExtensibilityGlobals) = postSolution
		SolutionGuid = {890D7476-FAE7-45ED-8A2D-3A989EC03B6E}
	EndGlobalSection
EndGlobal
